{
  "name": "fyc-code-snippets",
  "version": "1.0.0",
  "lockfileVersion": 3,
  "requires": true,
  "packages": {
    "": {
      "name": "fyc-code-snippets",
      "version": "1.0.0",
      "license": "ISC",
      "workspaces": [
        "apps/*"
      ]
    },
    "apps/broker": {
      "version": "1.0.0",
      "extraneous": true,
      "license": "ISC",
      "dependencies": {
        "cors": "2.8.5",
        "express": "5.0.1"
      }
    },
    "apps/publisher": {
      "version": "1.0.0",
      "extraneous": true,
      "license": "ISC",
      "devDependencies": {}
    },
    "apps/subscriber": {
      "version": "1.0.0",
      "extraneous": true,
      "license": "ISC",
      "dependencies": {
        "eventsource": "3.0.2"
      },
      "devDependencies": {}
    },
    "apps/sync-async": {
      "version": "1.0.0",
      "license": "ISC",
      "devDependencies": {}
    },
    "node_modules/sync-async": {
      "resolved": "apps/sync-async",
      "link": true
    }
  }
}
